
Microsoft Visual Studio Solution File, Format Version 12.00
# Visual Studio Version 17
VisualStudioVersion = 17.9.34723.18
MinimumVisualStudioVersion = 10.0.40219.1
Project("{FAE04EC0-301F-11D3-BF4B-00C04F79EFBC}") = "Group5_Yash_Bhagy_Assignment2", "Group5_Yash_Bhagy_Assignment2\Group5_Yash_Bhagy_Assignment2.csproj", "{10FBB5DC-24A3-4C1D-8EA9-F3DB4EF7E59C}"
EndProject
Project("{FAE04EC0-301F-11D3-BF4B-00C04F79EFBC}") = "ProductTestClass", "ProductTestClass\ProductTestClass.csproj", "{8C8F60D1-EC14-4596-AE06-6226EFE74213}"
EndProject
Global
	GlobalSection(SolutionConfigurationPlatforms) = preSolution
		Debug|Any CPU = Debug|Any CPU
		Release|Any CPU = Release|Any CPU
	EndGlobalSection
	GlobalSection(ProjectConfigurationPlatforms) = postSolution
		{10FBB5DC-24A3-4C1D-8EA9-F3DB4EF7E59C}.Debug|Any CPU.ActiveCfg = Debug|Any CPU
		{10FBB5DC-24A3-4C1D-8EA9-F3DB4EF7E59C}.Debug|Any CPU.Build.0 = Debug|Any CPU
		{10FBB5DC-24A3-4C1D-8EA9-F3DB4EF7E59C}.Release|Any CPU.ActiveCfg = Release|Any CPU
		{10FBB5DC-24A3-4C1D-8EA9-F3DB4EF7E59C}.Release|Any CPU.Build.0 = Release|Any CPU
		{8C8F60D1-EC14-4596-AE06-6226EFE74213}.Debug|Any CPU.ActiveCfg = Debug|Any CPU
		{8C8F60D1-EC14-4596-AE06-6226EFE74213}.Debug|Any CPU.Build.0 = Debug|Any CPU
		{8C8F60D1-EC14-4596-AE06-6226EFE74213}.Release|Any CPU.ActiveCfg = Release|Any CPU
		{8C8F60D1-EC14-4596-AE06-6226EFE74213}.Release|Any CPU.Build.0 = Release|Any CPU
	EndGlobalSection
	GlobalSection(SolutionProperties) = preSolution
		HideSolutionNode = FALSE
	EndGlobalSection
	GlobalSection(ExtensibilityGlobals) = postSolution
		SolutionGuid = {42F0C876-8446-4BEB-8A5C-AEAF89DAC1FB}
	EndGlobalSection
EndGlobal
